
Microsoft Visual Studio Solution File, Format Version 12.00
# Visual Studio 2013
VisualStudioVersion = 12.0.31101.0
MinimumVisualStudioVersion = 10.0.40219.1
Project("{FAE04EC0-301F-11D3-BF4B-00C04F79EFBC}") = "Presentation", "Presentation\Presentation.csproj", "{9F983495-9BC4-4870-BE0B-361EADC58688}"
EndProject
Project("{FAE04EC0-301F-11D3-BF4B-00C04F79EFBC}") = "Model", "Model\Model.csproj", "{7B3F463E-DAB2-4D26-B64F-035989181C09}"
EndProject
Project("{FAE04EC0-301F-11D3-BF4B-00C04F79EFBC}") = "UI", "UI\UI.csproj", "{C7999345-EA79-4FAC-BB78-A17EBC507883}"
EndProject
Project("{FAE04EC0-301F-11D3-BF4B-00C04F79EFBC}") = "Verificator.App", "Verificator.App\Verificator.App.csproj", "{C677F819-675F-4D79-82A8-97F14730DEEE}"
EndProject
Project("{FAE04EC0-301F-11D3-BF4B-00C04F79EFBC}") = "Model.Tests", "Model.Tests\Model.Tests.csproj", "{11D2832B-2FD1-4190-A22F-A87C83482FEF}"
EndProject
Global
	GlobalSection(SolutionConfigurationPlatforms) = preSolution
		Debug|Any CPU = Debug|Any CPU
		Release|Any CPU = Release|Any CPU
	EndGlobalSection
	GlobalSection(ProjectConfigurationPlatforms) = postSolution
		{9F983495-9BC4-4870-BE0B-361EADC58688}.Debug|Any CPU.ActiveCfg = Debug|Any CPU
		{9F983495-9BC4-4870-BE0B-361EADC58688}.Debug|Any CPU.Build.0 = Debug|Any CPU
		{9F983495-9BC4-4870-BE0B-361EADC58688}.Release|Any CPU.ActiveCfg = Release|Any CPU
		{9F983495-9BC4-4870-BE0B-361EADC58688}.Release|Any CPU.Build.0 = Release|Any CPU
		{7B3F463E-DAB2-4D26-B64F-035989181C09}.Debug|Any CPU.ActiveCfg = Debug|Any CPU
		{7B3F463E-DAB2-4D26-B64F-035989181C09}.Debug|Any CPU.Build.0 = Debug|Any CPU
		{7B3F463E-DAB2-4D26-B64F-035989181C09}.Release|Any CPU.ActiveCfg = Release|Any CPU
		{7B3F463E-DAB2-4D26-B64F-035989181C09}.Release|Any CPU.Build.0 = Release|Any CPU
		{C7999345-EA79-4FAC-BB78-A17EBC507883}.Debug|Any CPU.ActiveCfg = Debug|Any CPU
		{C7999345-EA79-4FAC-BB78-A17EBC507883}.Debug|Any CPU.Build.0 = Debug|Any CPU
		{C7999345-EA79-4FAC-BB78-A17EBC507883}.Release|Any CPU.ActiveCfg = Release|Any CPU
		{C7999345-EA79-4FAC-BB78-A17EBC507883}.Release|Any CPU.Build.0 = Release|Any CPU
		{C677F819-675F-4D79-82A8-97F14730DEEE}.Debug|Any CPU.ActiveCfg = Debug|Any CPU
		{C677F819-675F-4D79-82A8-97F14730DEEE}.Debug|Any CPU.Build.0 = Debug|Any CPU
		{C677F819-675F-4D79-82A8-97F14730DEEE}.Release|Any CPU.ActiveCfg = Release|Any CPU
		{C677F819-675F-4D79-82A8-97F14730DEEE}.Release|Any CPU.Build.0 = Release|Any CPU
		{11D2832B-2FD1-4190-A22F-A87C83482FEF}.Debug|Any CPU.ActiveCfg = Debug|Any CPU
		{11D2832B-2FD1-4190-A22F-A87C83482FEF}.Debug|Any CPU.Build.0 = Debug|Any CPU
		{11D2832B-2FD1-4190-A22F-A87C83482FEF}.Release|Any CPU.ActiveCfg = Release|Any CPU
		{11D2832B-2FD1-4190-A22F-A87C83482FEF}.Release|Any CPU.Build.0 = Release|Any CPU
	EndGlobalSection
	GlobalSection(SolutionProperties) = preSolution
		HideSolutionNode = FALSE
	EndGlobalSection
EndGlobal
